{
  "requires": true,
  "lockfileVersion": 1,
  "dependencies": {
    "@types/node": {
      "version": "14.14.10",
      "resolved": "https://registry.npm.taobao.org/@types/node/download/@types/node-14.14.10.tgz?cache=0&sync_timestamp=1606763080029&other_urls=https%3A%2F%2Fregistry.npm.taobao.org%2F%40types%2Fnode%2Fdownload%2F%40types%2Fnode-14.14.10.tgz",
      "integrity": "sha1-WVioLkGGPPxx8jB7N0jjSRugN4U="
    },
    "iconv-lite": {
      "version": "0.6.2",
      "resolved": "https://registry.npm.taobao.org/iconv-lite/download/iconv-lite-0.6.2.tgz",
      "integrity": "sha1-zhPRh1sMOmdL1qBLf3awGxtt7QE=",
      "requires": {
        "safer-buffer": ">= 2.1.2 < 3.0.0"
      }
    },
    "safer-buffer": {
      "version": "2.1.2",
      "resolved": "https://registry.npm.taobao.org/safer-buffer/download/safer-buffer-2.1.2.tgz",
      "integrity": "sha1-RPoWGwGHuVSd2Eu5GAL5vYOFzWo="
    }
  }
}
